// !$*UTF8*$!
{
	archiveVersion = 1;
	classes = {
	};
	objectVersion = 50;
	objects = {

/* Begin PBXBuildFile section */
		A1F60B3726A0557400BD4FF7 /* AppDelegate.swift in Sources */ = {isa = PBXBuildFile; fileRef = A1F60B3626A0557400BD4FF7 /* AppDelegate.swift */; };
		A1F60B3926A0557400BD4FF7 /* SceneDelegate.swift in Sources */ = {isa = PBXBuildFile; fileRef = A1F60B3826A0557400BD4FF7 /* SceneDelegate.swift */; };
		A1F60B3B26A0557400BD4FF7 /* ViewController.swift in Sources */ = {isa = PBXBuildFile; fileRef = A1F60B3A26A0557400BD4FF7 /* ViewController.swift */; };
		A1F60B3E26A0557400BD4FF7 /* Main.storyboard in Resources */ = {isa = PBXBuildFile; fileRef = A1F60B3C26A0557400BD4FF7 /* Main.storyboard */; };
		A1F60B4026A0557700BD4FF7 /* Assets.xcassets in Resources */ = {isa = PBXBuildFile; fileRef = A1F60B3F26A0557700BD4FF7 /* Assets.xcassets */; };
		A1F60B4326A0557700BD4FF7 /* LaunchScreen.storyboard in Resources */ = {isa = PBXBuildFile; fileRef = A1F60B4126A0557700BD4FF7 /* LaunchScreen.storyboard */; };
		A1F60B4E26A0557700BD4FF7 /* NotesAppTests.swift in Sources */ = {isa = PBXBuildFile; fileRef = A1F60B4D26A0557700BD4FF7 /* NotesAppTests.swift */; };
		A1F60B5926A0557700BD4FF7 /* NotesAppUITests.swift in Sources */ = {isa = PBXBuildFile; fileRef = A1F60B5826A0557700BD4FF7 /* NotesAppUITests.swift */; };
		A1F60B6B26A056AC00BD4FF7 /* Login.swift in Sources */ = {isa = PBXBuildFile; fileRef = A1F60B6A26A056AC00BD4FF7 /* Login.swift */; };
		A1F60B6D26A0572C00BD4FF7 /* Extensions.swift in Sources */ = {isa = PBXBuildFile; fileRef = A1F60B6C26A0572C00BD4FF7 /* Extensions.swift */; };
		A1F60B6F26A0579400BD4FF7 /* File.swift in Sources */ = {isa = PBXBuildFile; fileRef = A1F60B6E26A0579400BD4FF7 /* File.swift */; };
		A1F60B7126A06A6F00BD4FF7 /* NewNote.swift in Sources */ = {isa = PBXBuildFile; fileRef = A1F60B7026A06A6F00BD4FF7 /* NewNote.swift */; };
		A1F60B7526A5993F00BD4FF7 /* Notes2.png in Resources */ = {isa = PBXBuildFile; fileRef = A1F60B7426A5993F00BD4FF7 /* Notes2.png */; };
/* End PBXBuildFile section */

/* Begin PBXContainerItemProxy section */
		A1F60B4A26A0557700BD4FF7 /* PBXContainerItemProxy */ = {
			isa = PBXContainerItemProxy;
			containerPortal = A1F60B2B26A0557400BD4FF7 /* Project object */;
			proxyType = 1;
			remoteGlobalIDString = A1F60B3226A0557400BD4FF7;
			remoteInfo = NotesApp;
		};
		A1F60B5526A0557700BD4FF7 /* PBXContainerItemProxy */ = {
			isa = PBXContainerItemProxy;
			containerPortal = A1F60B2B26A0557400BD4FF7 /* Project object */;
			proxyType = 1;
			remoteGlobalIDString = A1F60B3226A0557400BD4FF7;
			remoteInfo = NotesApp;
		};
/* End PBXContainerItemProxy section */

/* Begin PBXFileReference section */
		A1F60B3326A0557400BD4FF7 /* NotesApp.app */ = {isa = PBXFileReference; explicitFileType = wrapper.application; includeInIndex = 0; path = NotesApp.app; sourceTree = BUILT_PRODUCTS_DIR; };
		A1F60B3626A0557400BD4FF7 /* AppDelegate.swift */ = {isa = PBXFileReference; lastKnownFileType = sourcecode.swift; path = AppDelegate.swift; sourceTree = "<group>"; };
		A1F60B3826A0557400BD4FF7 /* SceneDelegate.swift */ = {isa = PBXFileReference; lastKnownFileType = sourcecode.swift; path = SceneDelegate.swift; sourceTree = "<group>"; };
		A1F60B3A26A0557400BD4FF7 /* ViewController.swift */ = {isa = PBXFileReference; lastKnownFileType = sourcecode.swift; path = ViewController.swift; sourceTree = "<group>"; };
		A1F60B3D26A0557400BD4FF7 /* Base */ = {isa = PBXFileReference; lastKnownFileType = file.storyboard; name = Base; path = Base.lproj/Main.storyboard; sourceTree = "<group>"; };
		A1F60B3F26A0557700BD4FF7 /* Assets.xcassets */ = {isa = PBXFileReference; lastKnownFileType = folder.assetcatalog; path = Assets.xcassets; sourceTree = "<group>"; };
		A1F60B4226A0557700BD4FF7 /* Base */ = {isa = PBXFileReference; lastKnownFileType = file.storyboard; name = Base; path = Base.lproj/LaunchScreen.storyboard; sourceTree = "<group>"; };
		A1F60B4426A0557700BD4FF7 /* Info.plist */ = {isa = PBXFileReference; lastKnownFileType = text.plist.xml; path = Info.plist; sourceTree = "<group>"; };
		A1F60B4926A0557700BD4FF7 /* NotesAppTests.xctest */ = {isa = PBXFileReference; explicitFileType = wrapper.cfbundle; includeInIndex = 0; path = NotesAppTests.xctest; sourceTree = BUILT_PRODUCTS_DIR; };
		A1F60B4D26A0557700BD4FF7 /* NotesAppTests.swift */ = {isa = PBXFileReference; lastKnownFileType = sourcecode.swift; path = NotesAppTests.swift; sourceTree = "<group>"; };
		A1F60B4F26A0557700BD4FF7 /* Info.plist */ = {isa = PBXFileReference; lastKnownFileType = text.plist.xml; path = Info.plist; sourceTree = "<group>"; };
		A1F60B5426A0557700BD4FF7 /* NotesAppUITests.xctest */ = {isa = PBXFileReference; explicitFileType = wrapper.cfbundle; includeInIndex = 0; path = NotesAppUITests.xctest; sourceTree = BUILT_PRODUCTS_DIR; };
		A1F60B5826A0557700BD4FF7 /* NotesAppUITests.swift */ = {isa = PBXFileReference; lastKnownFileType = sourcecode.swift; path = NotesAppUITests.swift; sourceTree = "<group>"; };
		A1F60B5A26A0557700BD4FF7 /* Info.plist */ = {isa = PBXFileReference; lastKnownFileType = text.plist.xml; path = Info.plist; sourceTree = "<group>"; };
		A1F60B6A26A056AC00BD4FF7 /* Login.swift */ = {isa = PBXFileReference; lastKnownFileType = sourcecode.swift; path = Login.swift; sourceTree = "<group>"; };
		A1F60B6C26A0572C00BD4FF7 /* Extensions.swift */ = {isa = PBXFileReference; lastKnownFileType = sourcecode.swift; path = Extensions.swift; sourceTree = "<group>"; };
		A1F60B6E26A0579400BD4FF7 /* File.swift */ = {isa = PBXFileReference; lastKnownFileType = sourcecode.swift; path = File.swift; sourceTree = "<group>"; };
		A1F60B7026A06A6F00BD4FF7 /* NewNote.swift */ = {isa = PBXFileReference; lastKnownFileType = sourcecode.swift; path = NewNote.swift; sourceTree = "<group>"; };
		A1F60B7426A5993F00BD4FF7 /* Notes2.png */ = {isa = PBXFileReference; lastKnownFileType = image.png; name = Notes2.png; path = ../../Notes2.png; sourceTree = "<group>"; };
/* End PBXFileReference section */

/* Begin PBXFrameworksBuildPhase section */
		A1F60B3026A0557400BD4FF7 /* Frameworks */ = {
			isa = PBXFrameworksBuildPhase;
			buildActionMask = 2147483647;
			files = (
			);
			runOnlyForDeploymentPostprocessing = 0;
		};
		A1F60B4626A0557700BD4FF7 /* Frameworks */ = {
			isa = PBXFrameworksBuildPhase;
			buildActionMask = 2147483647;
			files = (
			);
			runOnlyForDeploymentPostprocessing = 0;
		};
		A1F60B5126A0557700BD4FF7 /* Frameworks */ = {
			isa = PBXFrameworksBuildPhase;
			buildActionMask = 2147483647;
			files = (
			);
			runOnlyForDeploymentPostprocessing = 0;
		};
/* End PBXFrameworksBuildPhase section */

/* Begin PBXGroup section */
		A1F60B2A26A0557400BD4FF7 = {
			isa = PBXGroup;
			children = (
				A1F60B3526A0557400BD4FF7 /* NotesApp */,
				A1F60B4C26A0557700BD4FF7 /* NotesAppTests */,
				A1F60B5726A0557700BD4FF7 /* NotesAppUITests */,
				A1F60B3426A0557400BD4FF7 /* Products */,
			);
			sourceTree = "<group>";
		};
		A1F60B3426A0557400BD4FF7 /* Products */ = {
			isa = PBXGroup;
			children = (
				A1F60B3326A0557400BD4FF7 /* NotesApp.app */,
				A1F60B4926A0557700BD4FF7 /* NotesAppTests.xctest */,
				A1F60B5426A0557700BD4FF7 /* NotesAppUITests.xctest */,
			);
			name = Products;
			sourceTree = "<group>";
		};
		A1F60B3526A0557400BD4FF7 /* NotesApp */ = {
			isa = PBXGroup;
			children = (
				A1F60B3626A0557400BD4FF7 /* AppDelegate.swift */,
				A1F60B3826A0557400BD4FF7 /* SceneDelegate.swift */,
				A1F60B3A26A0557400BD4FF7 /* ViewController.swift */,
				A1F60B3C26A0557400BD4FF7 /* Main.storyboard */,
				A1F60B3F26A0557700BD4FF7 /* Assets.xcassets */,
				A1F60B7426A5993F00BD4FF7 /* Notes2.png */,
				A1F60B4126A0557700BD4FF7 /* LaunchScreen.storyboard */,
				A1F60B4426A0557700BD4FF7 /* Info.plist */,
				A1F60B6A26A056AC00BD4FF7 /* Login.swift */,
				A1F60B6C26A0572C00BD4FF7 /* Extensions.swift */,
				A1F60B6E26A0579400BD4FF7 /* File.swift */,
				A1F60B7026A06A6F00BD4FF7 /* NewNote.swift */,
			);
			path = NotesApp;
			sourceTree = "<group>";
		};
		A1F60B4C26A0557700BD4FF7 /* NotesAppTests */ = {
			isa = PBXGroup;
			children = (
				A1F60B4D26A0557700BD4FF7 /* NotesAppTests.swift */,
				A1F60B4F26A0557700BD4FF7 /* Info.plist */,
			);
			path = NotesAppTests;
			sourceTree = "<group>";
		};
		A1F60B5726A0557700BD4FF7 /* NotesAppUITests */ = {
			isa = PBXGroup;
			children = (
				A1F60B5826A0557700BD4FF7 /* NotesAppUITests.swift */,
				A1F60B5A26A0557700BD4FF7 /* Info.plist */,
			);
			path = NotesAppUITests;
			sourceTree = "<group>";
		};
/* End PBXGroup section */

/* Begin PBXNativeTarget section */
		A1F60B3226A0557400BD4FF7 /* NotesApp */ = {
			isa = PBXNativeTarget;
			buildConfigurationList = A1F60B5D26A0557700BD4FF7 /* Build configuration list for PBXNativeTarget "NotesApp" */;
			buildPhases = (
				A1F60B2F26A0557400BD4FF7 /* Sources */,
				A1F60B3026A0557400BD4FF7 /* Frameworks */,
				A1F60B3126A0557400BD4FF7 /* Resources */,
			);
			buildRules = (
			);
			dependencies = (
			);
			name = NotesApp;
			productName = NotesApp;
			productReference = A1F60B3326A0557400BD4FF7 /* NotesApp.app */;
			productType = "com.apple.product-type.application";
		};
		A1F60B4826A0557700BD4FF7 /* NotesAppTests */ = {
			isa = PBXNativeTarget;
			buildConfigurationList = A1F60B6026A0557700BD4FF7 /* Build configuration list for PBXNativeTarget "NotesAppTests" */;
			buildPhases = (
				A1F60B4526A0557700BD4FF7 /* Sources */,
				A1F60B4626A0557700BD4FF7 /* Frameworks */,
				A1F60B4726A0557700BD4FF7 /* Resources */,
			);
			buildRules = (
			);
			dependencies = (
				A1F60B4B26A0557700BD4FF7 /* PBXTargetDependency */,
			);
			name = NotesAppTests;
			productName = NotesAppTests;
			productReference = A1F60B4926A0557700BD4FF7 /* NotesAppTests.xctest */;
			productType = "com.apple.product-type.bundle.unit-test";
		};
		A1F60B5326A0557700BD4FF7 /* NotesAppUITests */ = {
			isa = PBXNativeTarget;
			buildConfigurationList = A1F60B6326A0557700BD4FF7 /* Build configuration list for PBXNativeTarget "NotesAppUITests" */;
			buildPhases = (
				A1F60B5026A0557700BD4FF7 /* Sources */,
				A1F60B5126A0557700BD4FF7 /* Frameworks */,
				A1F60B5226A0557700BD4FF7 /* Resources */,
			);
			buildRules = (
			);
			dependencies = (
				A1F60B5626A0557700BD4FF7 /* PBXTargetDependency */,
			);
			name = NotesAppUITests;
			productName = NotesAppUITests;
			productReference = A1F60B5426A0557700BD4FF7 /* NotesAppUITests.xctest */;
			productType = "com.apple.product-type.bundle.ui-testing";
		};
/* End PBXNativeTarget section */

/* Begin PBXProject section */
		A1F60B2B26A0557400BD4FF7 /* Project object */ = {
			isa = PBXProject;
			attributes = {
				LastSwiftUpdateCheck = 1250;
				LastUpgradeCheck = 1250;
				TargetAttributes = {
					A1F60B3226A0557400BD4FF7 = {
						CreatedOnToolsVersion = 12.5.1;
					};
					A1F60B4826A0557700BD4FF7 = {
						CreatedOnToolsVersion = 12.5.1;
						TestTargetID = A1F60B3226A0557400BD4FF7;
					};
					A1F60B5326A0557700BD4FF7 = {
						CreatedOnToolsVersion = 12.5.1;
						TestTargetID = A1F60B3226A0557400BD4FF7;
					};
				};
			};
			buildConfigurationList = A1F60B2E26A0557400BD4FF7 /* Build configuration list for PBXProject "NotesApp" */;
			compatibilityVersion = "Xcode 9.3";
			developmentRegion = en;
			hasScannedForEncodings = 0;
			knownRegions = (
				en,
				Base,
			);
			mainGroup = A1F60B2A26A0557400BD4FF7;
			productRefGroup = A1F60B3426A0557400BD4FF7 /* Products */;
			projectDirPath = "";
			projectRoot = "";
			targets = (
				A1F60B3226A0557400BD4FF7 /* NotesApp */,
				A1F60B4826A0557700BD4FF7 /* NotesAppTests */,
				A1F60B5326A0557700BD4FF7 /* NotesAppUITests */,
			);
		};
/* End PBXProject section */

/* Begin PBXResourcesBuildPhase section */
		A1F60B3126A0557400BD4FF7 /* Resources */ = {
			isa = PBXResourcesBuildPhase;
			buildActionMask = 2147483647;
			files = (
				A1F60B7526A5993F00BD4FF7 /* Notes2.png in Resources */,
				A1F60B4326A0557700BD4FF7 /* LaunchScreen.storyboard in Resources */,
				A1F60B4026A0557700BD4FF7 /* Assets.xcassets in Resources */,
				A1F60B3E26A0557400BD4FF7 /* Main.storyboard in Resources */,
			);
			runOnlyForDeploymentPostprocessing = 0;
		};
		A1F60B4726A0557700BD4FF7 /* Resources */ = {
			isa = PBXResourcesBuildPhase;
			buildActionMask = 2147483647;
			files = (
			);
			runOnlyForDeploymentPostprocessing = 0;
		};
		A1F60B5226A0557700BD4FF7 /* Resources */ = {
			isa = PBXResourcesBuildPhase;
			buildActionMask = 2147483647;
			files = (
			);
			runOnlyForDeploymentPostprocessing = 0;
		};
/* End PBXResourcesBuildPhase section */

/* Begin PBXSourcesBuildPhase section */
		A1F60B2F26A0557400BD4FF7 /* Sources */ = {
			isa = PBXSourcesBuildPhase;
			buildActionMask = 2147483647;
			files = (
				A1F60B3B26A0557400BD4FF7 /* ViewController.swift in Sources */,
				A1F60B3726A0557400BD4FF7 /* AppDelegate.swift in Sources */,
				A1F60B6B26A056AC00BD4FF7 /* Login.swift in Sources */,
				A1F60B6F26A0579400BD4FF7 /* File.swift in Sources */,
				A1F60B3926A0557400BD4FF7 /* SceneDelegate.swift in Sources */,
				A1F60B6D26A0572C00BD4FF7 /* Extensions.swift in Sources */,
				A1F60B7126A06A6F00BD4FF7 /* NewNote.swift in Sources */,
			);
			runOnlyForDeploymentPostprocessing = 0;
		};
		A1F60B4526A0557700BD4FF7 /* Sources */ = {
			isa = PBXSourcesBuildPhase;
			buildActionMask = 2147483647;
			files = (
				A1F60B4E26A0557700BD4FF7 /* NotesAppTests.swift in Sources */,
			);
			runOnlyForDeploymentPostprocessing = 0;
		};
		A1F60B5026A0557700BD4FF7 /* Sources */ = {
			isa = PBXSourcesBuildPhase;
			buildActionMask = 2147483647;
			files = (
				A1F60B5926A0557700BD4FF7 /* NotesAppUITests.swift in Sources */,
			);
			runOnlyForDeploymentPostprocessing = 0;
		};
/* End PBXSourcesBuildPhase section */

/* Begin PBXTargetDependency section */
		A1F60B4B26A0557700BD4FF7 /* PBXTargetDependency */ = {
			isa = PBXTargetDependency;
			target = A1F60B3226A0557400BD4FF7 /* NotesApp */;
			targetProxy = A1F60B4A26A0557700BD4FF7 /* PBXContainerItemProxy */;
		};
		A1F60B5626A0557700BD4FF7 /* PBXTargetDependency */ = {
			isa = PBXTargetDependency;
			target = A1F60B3226A0557400BD4FF7 /* NotesApp */;
			targetProxy = A1F60B5526A0557700BD4FF7 /* PBXContainerItemProxy */;
		};
/* End PBXTargetDependency section */

/* Begin PBXVariantGroup section */
		A1F60B3C26A0557400BD4FF7 /* Main.storyboard */ = {
			isa = PBXVariantGroup;
			children = (
				A1F60B3D26A0557400BD4FF7 /* Base */,
			);
			name = Main.storyboard;
			sourceTree = "<group>";
		};
		A1F60B4126A0557700BD4FF7 /* LaunchScreen.storyboard */ = {
			isa = PBXVariantGroup;
			children = (
				A1F60B4226A0557700BD4FF7 /* Base */,
			);
			name = LaunchScreen.storyboard;
			sourceTree = "<group>";
		};
/* End PBXVariantGroup section */

/* Begin XCBuildConfiguration section */
		A1F60B5B26A0557700BD4FF7 /* Debug */ = {
			isa = XCBuildConfiguration;
			buildSettings = {
				ALWAYS_SEARCH_USER_PATHS = NO;
				CLANG_ANALYZER_NONNULL = YES;
				CLANG_ANALYZER_NUMBER_OBJECT_CONVERSION = YES_AGGRESSIVE;
				CLANG_CXX_LANGUAGE_STANDARD = "gnu++14";
				CLANG_CXX_LIBRARY = "libc++";
				CLANG_ENABLE_MODULES = YES;
				CLANG_ENABLE_OBJC_ARC = YES;
				CLANG_ENABLE_OBJC_WEAK = YES;
				CLANG_WARN_BLOCK_CAPTURE_AUTORELEASING = YES;
				CLANG_WARN_BOOL_CONVERSION = YES;
				CLANG_WARN_COMMA = YES;
				CLANG_WARN_CONSTANT_CONVERSION = YES;
				CLANG_WARN_DEPRECATED_OBJC_IMPLEMENTATIONS = YES;
				CLANG_WARN_DIRECT_OBJC_ISA_USAGE = YES_ERROR;
				CLANG_WARN_DOCUMENTATION_COMMENTS = YES;
				CLANG_WARN_EMPTY_BODY = YES;
				CLANG_WARN_ENUM_CONVERSION = YES;
				CLANG_WARN_INFINITE_RECURSION = YES;
				CLANG_WARN_INT_CONVERSION = YES;
				CLANG_WARN_NON_LITERAL_NULL_CONVERSION = YES;
				CLANG_WARN_OBJC_IMPLICIT_RETAIN_SELF = YES;
				CLANG_WARN_OBJC_LITERAL_CONVERSION = YES;
				CLANG_WARN_OBJC_ROOT_CLASS = YES_ERROR;
				CLANG_WARN_QUOTED_INCLUDE_IN_FRAMEWORK_HEADER = YES;
				CLANG_WARN_RANGE_LOOP_ANALYSIS = YES;
				CLANG_WARN_STRICT_PROTOTYPES = YES;
				CLANG_WARN_SUSPICIOUS_MOVE = YES;
				CLANG_WARN_UNGUARDED_AVAILABILITY = YES_AGGRESSIVE;
				CLANG_WARN_UNREACHABLE_CODE = YES;
				CLANG_WARN__DUPLICATE_METHOD_MATCH = YES;
				COPY_PHASE_STRIP = NO;
				DEBUG_INFORMATION_FORMAT = dwarf;
				ENABLE_STRICT_OBJC_MSGSEND = YES;
				ENABLE_TESTABILITY = YES;
				GCC_C_LANGUAGE_STANDARD = gnu11;
				GCC_DYNAMIC_NO_PIC = NO;
				GCC_NO_COMMON_BLOCKS = YES;
				GCC_OPTIMIZATION_LEVEL = 0;
				GCC_PREPROCESSOR_DEFINITIONS = (
					"DEBUG=1",
					"$(inherited)",
				);
				GCC_WARN_64_TO_32_BIT_CONVERSION = YES;
				GCC_WARN_ABOUT_RETURN_TYPE = YES_ERROR;
				GCC_WARN_UNDECLARED_SELECTOR = YES;
				GCC_WARN_UNINITIALIZED_AUTOS = YES_AGGRESSIVE;
				GCC_WARN_UNUSED_FUNCTION = YES;
				GCC_WARN_UNUSED_VARIABLE = YES;
				IPHONEOS_DEPLOYMENT_TARGET = 14.5;
				MTL_ENABLE_DEBUG_INFO = INCLUDE_SOURCE;
				MTL_FAST_MATH = YES;
				ONLY_ACTIVE_ARCH = YES;
				SDKROOT = iphoneos;
				SWIFT_ACTIVE_COMPILATION_CONDITIONS = DEBUG;
				SWIFT_OPTIMIZATION_LEVEL = "-Onone";
			};
			name = Debug;
		};
		A1F60B5C26A0557700BD4FF7 /* Release */ = {
			isa = XCBuildConfiguration;
			buildSettings = {
				ALWAYS_SEARCH_USER_PATHS = NO;
				CLANG_ANALYZER_NONNULL = YES;
				CLANG_ANALYZER_NUMBER_OBJECT_CONVERSION = YES_AGGRESSIVE;
				CLANG_CXX_LANGUAGE_STANDARD = "gnu++14";
				CLANG_CXX_LIBRARY = "libc++";
				CLANG_ENABLE_MODULES = YES;
				CLANG_ENABLE_OBJC_ARC = YES;
				CLANG_ENABLE_OBJC_WEAK = YES;
				CLANG_WARN_BLOCK_CAPTURE_AUTORELEASING = YES;
				CLANG_WARN_BOOL_CONVERSION = YES;
				CLANG_WARN_COMMA = YES;
				CLANG_WARN_CONSTANT_CONVERSION = YES;
				CLANG_WARN_DEPRECATED_OBJC_IMPLEMENTATIONS = YES;
				CLANG_WARN_DIRECT_OBJC_ISA_USAGE = YES_ERROR;
				CLANG_WARN_DOCUMENTATION_COMMENTS = YES;
				CLANG_WARN_EMPTY_BODY = YES;
				CLANG_WARN_ENUM_CONVERSION = YES;
				CLANG_WARN_INFINITE_RECURSION = YES;
				CLANG_WARN_INT_CONVERSION = YES;
				CLANG_WARN_NON_LITERAL_NULL_CONVERSION = YES;
				CLANG_WARN_OBJC_IMPLICIT_RETAIN_SELF = YES;
				CLANG_WARN_OBJC_LITERAL_CONVERSION = YES;
				CLANG_WARN_OBJC_ROOT_CLASS = YES_ERROR;
				CLANG_WARN_QUOTED_INCLUDE_IN_FRAMEWORK_HEADER = YES;
				CLANG_WARN_RANGE_LOOP_ANALYSIS = YES;
				CLANG_WARN_STRICT_PROTOTYPES = YES;
				CLANG_WARN_SUSPICIOUS_MOVE = YES;
				CLANG_WARN_UNGUARDED_AVAILABILITY = YES_AGGRESSIVE;
				CLANG_WARN_UNREACHABLE_CODE = YES;
				CLANG_WARN__DUPLICATE_METHOD_MATCH = YES;
				COPY_PHASE_STRIP = NO;
				DEBUG_INFORMATION_FORMAT = "dwarf-with-dsym";
				ENABLE_NS_ASSERTIONS = NO;
				ENABLE_STRICT_OBJC_MSGSEND = YES;
				GCC_C_LANGUAGE_STANDARD = gnu11;
				GCC_NO_COMMON_BLOCKS = YES;
				GCC_WARN_64_TO_32_BIT_CONVERSION = YES;
				GCC_WARN_ABOUT_RETURN_TYPE = YES_ERROR;
				GCC_WARN_UNDECLARED_SELECTOR = YES;
				GCC_WARN_UNINITIALIZED_AUTOS = YES_AGGRESSIVE;
				GCC_WARN_UNUSED_FUNCTION = YES;
				GCC_WARN_UNUSED_VARIABLE = YES;
				IPHONEOS_DEPLOYMENT_TARGET = 14.5;
				MTL_ENABLE_DEBUG_INFO = NO;
				MTL_FAST_MATH = YES;
				SDKROOT = iphoneos;
				SWIFT_COMPILATION_MODE = wholemodule;
				SWIFT_OPTIMIZATION_LEVEL = "-O";
				VALIDATE_PRODUCT = YES;
			};
			name = Release;
		};
		A1F60B5E26A0557700BD4FF7 /* Debug */ = {
			isa = XCBuildConfiguration;
			buildSettings = {
				ASSETCATALOG_COMPILER_APPICON_NAME = AppIcon;
				ASSETCATALOG_COMPILER_GLOBAL_ACCENT_COLOR_NAME = AccentColor;
				CODE_SIGN_STYLE = Automatic;
				INFOPLIST_FILE = NotesApp/Info.plist;
				LD_RUNPATH_SEARCH_PATHS = (
					"$(inherited)",
					"@executable_path/Frameworks",
				);
				PRODUCT_BUNDLE_IDENTIFIER = UIViewController.NotesApp;
				PRODUCT_NAME = "$(TARGET_NAME)";
				SWIFT_VERSION = 5.0;
				TARGETED_DEVICE_FAMILY = "1,2";
			};
			name = Debug;
		};
		A1F60B5F26A0557700BD4FF7 /* Release */ = {
			isa = XCBuildConfiguration;
			buildSettings = {
				ASSETCATALOG_COMPILER_APPICON_NAME = AppIcon;
				ASSETCATALOG_COMPILER_GLOBAL_ACCENT_COLOR_NAME = AccentColor;
				CODE_SIGN_STYLE = Automatic;
				INFOPLIST_FILE = NotesApp/Info.plist;
				LD_RUNPATH_SEARCH_PATHS = (
					"$(inherited)",
					"@executable_path/Frameworks",
				);
				PRODUCT_BUNDLE_IDENTIFIER = UIViewController.NotesApp;
				PRODUCT_NAME = "$(TARGET_NAME)";
				SWIFT_VERSION = 5.0;
				TARGETED_DEVICE_FAMILY = "1,2";
			};
			name = Release;
		};
		A1F60B6126A0557700BD4FF7 /* Debug */ = {
			isa = XCBuildConfiguration;
			buildSettings = {
				ALWAYS_EMBED_SWIFT_STANDARD_LIBRARIES = YES;
				BUNDLE_LOADER = "$(TEST_HOST)";
				CODE_SIGN_STYLE = Automatic;
				INFOPLIST_FILE = NotesAppTests/Info.plist;
				IPHONEOS_DEPLOYMENT_TARGET = 14.5;
				LD_RUNPATH_SEARCH_PATHS = (
					"$(inherited)",
					"@executable_path/Frameworks",
					"@loader_path/Frameworks",
				);
				PRODUCT_BUNDLE_IDENTIFIER = UIViewController.NotesAppTests;
				PRODUCT_NAME = "$(TARGET_NAME)";
				SWIFT_VERSION = 5.0;
				TARGETED_DEVICE_FAMILY = "1,2";
				TEST_HOST = "$(BUILT_PRODUCTS_DIR)/NotesApp.app/NotesApp";
			};
			name = Debug;
		};
		A1F60B6226A0557700BD4FF7 /* Release */ = {
			isa = XCBuildConfiguration;
			buildSettings = {
				ALWAYS_EMBED_SWIFT_STANDARD_LIBRARIES = YES;
				BUNDLE_LOADER = "$(TEST_HOST)";
				CODE_SIGN_STYLE = Automatic;
				INFOPLIST_FILE = NotesAppTests/Info.plist;
				IPHONEOS_DEPLOYMENT_TARGET = 14.5;
				LD_RUNPATH_SEARCH_PATHS = (
					"$(inherited)",
					"@executable_path/Frameworks",
					"@loader_path/Frameworks",
				);
				PRODUCT_BUNDLE_IDENTIFIER = UIViewController.NotesAppTests;
				PRODUCT_NAME = "$(TARGET_NAME)";
				SWIFT_VERSION = 5.0;
				TARGETED_DEVICE_FAMILY = "1,2";
				TEST_HOST = "$(BUILT_PRODUCTS_DIR)/NotesApp.app/NotesApp";
			};
			name = Release;
		};
		A1F60B6426A0557700BD4FF7 /* Debug */ = {
			isa = XCBuildConfiguration;
			buildSettings = {
				ALWAYS_EMBED_SWIFT_STANDARD_LIBRARIES = YES;
				CODE_SIGN_STYLE = Automatic;
				INFOPLIST_FILE = NotesAppUITests/Info.plist;
				LD_RUNPATH_SEARCH_PATHS = (
					"$(inherited)",
					"@executable_path/Frameworks",
					"@loader_path/Frameworks",
				);
				PRODUCT_BUNDLE_IDENTIFIER = UIViewController.NotesAppUITests;
				PRODUCT_NAME = "$(TARGET_NAME)";
				SWIFT_VERSION = 5.0;
				TARGETED_DEVICE_FAMILY = "1,2";
				TEST_TARGET_NAME = NotesApp;
			};
			name = Debug;
		};
		A1F60B6526A0557700BD4FF7 /* Release */ = {
			isa = XCBuildConfiguration;
			buildSettings = {
				ALWAYS_EMBED_SWIFT_STANDARD_LIBRARIES = YES;
				CODE_SIGN_STYLE = Automatic;
				INFOPLIST_FILE = NotesAppUITests/Info.plist;
				LD_RUNPATH_SEARCH_PATHS = (
					"$(inherited)",
					"@executable_path/Frameworks",
					"@loader_path/Frameworks",
				);
				PRODUCT_BUNDLE_IDENTIFIER = UIViewController.NotesAppUITests;
				PRODUCT_NAME = "$(TARGET_NAME)";
				SWIFT_VERSION = 5.0;
				TARGETED_DEVICE_FAMILY = "1,2";
				TEST_TARGET_NAME = NotesApp;
			};
			name = Release;
		};
/* End XCBuildConfiguration section */

/* Begin XCConfigurationList section */
		A1F60B2E26A0557400BD4FF7 /* Build configuration list for PBXProject "NotesApp" */ = {
			isa = XCConfigurationList;
			buildConfigurations = (
				A1F60B5B26A0557700BD4FF7 /* Debug */,
				A1F60B5C26A0557700BD4FF7 /* Release */,
			);
			defaultConfigurationIsVisible = 0;
			defaultConfigurationName = Release;
		};
		A1F60B5D26A0557700BD4FF7 /* Build configuration list for PBXNativeTarget "NotesApp" */ = {
			isa = XCConfigurationList;
			buildConfigurations = (
				A1F60B5E26A0557700BD4FF7 /* Debug */,
				A1F60B5F26A0557700BD4FF7 /* Release */,
			);
			defaultConfigurationIsVisible = 0;
			defaultConfigurationName = Release;
		};
		A1F60B6026A0557700BD4FF7 /* Build configuration list for PBXNativeTarget "NotesAppTests" */ = {
			isa = XCConfigurationList;
			buildConfigurations = (
				A1F60B6126A0557700BD4FF7 /* Debug */,
				A1F60B6226A0557700BD4FF7 /* Release */,
			);
			defaultConfigurationIsVisible = 0;
			defaultConfigurationName = Release;
		};
		A1F60B6326A0557700BD4FF7 /* Build configuration list for PBXNativeTarget "NotesAppUITests" */ = {
			isa = XCConfigurationList;
			buildConfigurations = (
				A1F60B6426A0557700BD4FF7 /* Debug */,
				A1F60B6526A0557700BD4FF7 /* Release */,
			);
			defaultConfigurationIsVisible = 0;
			defaultConfigurationName = Release;
		};
/* End XCConfigurationList section */
	};
	rootObject = A1F60B2B26A0557400BD4FF7 /* Project object */;
}
